
Microsoft Visual Studio Solution File, Format Version 12.00
# Visual Studio Version 17
VisualStudioVersion = 17.9.34728.123
MinimumVisualStudioVersion = 10.0.40219.1
Project("{FAE04EC0-301F-11D3-BF4B-00C04F79EFBC}") = "LearningHttpClient", "LearningHttpClient.csproj", "{D240D696-509F-4D3A-B3ED-7271B6E0081D}"
EndProject
Global
	GlobalSection(SolutionConfigurationPlatforms) = preSolution
		Debug|Any CPU = Debug|Any CPU
		Release|Any CPU = Release|Any CPU
	EndGlobalSection
	GlobalSection(ProjectConfigurationPlatforms) = postSolution
		{D240D696-509F-4D3A-B3ED-7271B6E0081D}.Debug|Any CPU.ActiveCfg = Debug|Any CPU
		{D240D696-509F-4D3A-B3ED-7271B6E0081D}.Debug|Any CPU.Build.0 = Debug|Any CPU
		{D240D696-509F-4D3A-B3ED-7271B6E0081D}.Release|Any CPU.ActiveCfg = Release|Any CPU
		{D240D696-509F-4D3A-B3ED-7271B6E0081D}.Release|Any CPU.Build.0 = Release|Any CPU
	EndGlobalSection
	GlobalSection(SolutionProperties) = preSolution
		HideSolutionNode = FALSE
	EndGlobalSection
	GlobalSection(ExtensibilityGlobals) = postSolution
		SolutionGuid = {079762B2-8B50-4300-9D60-09F5F6DA216A}
	EndGlobalSection
EndGlobal
